
Microsoft Visual Studio Solution File, Format Version 12.00
# Visual Studio Version 17
VisualStudioVersion = 17.3.32811.315
MinimumVisualStudioVersion = 10.0.40219.1
Project("{FAE04EC0-301F-11D3-BF4B-00C04F79EFBC}") = "ProcessLurker", "src\ProcessLurker\ProcessLurker.csproj", "{080E122F-1BD9-4AF8-B2E5-B9560611EF94}"
EndProject
Project("{2150E333-8FDC-42A3-9474-1A3956D46DE8}") = "Solution Items", "Solution Items", "{3984AD00-7647-490E-95F4-9B4E89E44F1F}"
	ProjectSection(SolutionItems) = preProject
		.editorconfig = .editorconfig
	EndProjectSection
EndProject
Project("{FAE04EC0-301F-11D3-BF4B-00C04F79EFBC}") = "ProcessLurker.Console", "ProcessLurker.Console\ProcessLurker.Console.csproj", "{620A819D-3B90-46C8-AC23-626867701B16}"
EndProject
Global
	GlobalSection(SolutionConfigurationPlatforms) = preSolution
		Debug|Any CPU = Debug|Any CPU
		Release|Any CPU = Release|Any CPU
	EndGlobalSection
	GlobalSection(ProjectConfigurationPlatforms) = postSolution
		{080E122F-1BD9-4AF8-B2E5-B9560611EF94}.Debug|Any CPU.ActiveCfg = Debug|Any CPU
		{080E122F-1BD9-4AF8-B2E5-B9560611EF94}.Debug|Any CPU.Build.0 = Debug|Any CPU
		{080E122F-1BD9-4AF8-B2E5-B9560611EF94}.Release|Any CPU.ActiveCfg = Release|Any CPU
		{080E122F-1BD9-4AF8-B2E5-B9560611EF94}.Release|Any CPU.Build.0 = Release|Any CPU
		{620A819D-3B90-46C8-AC23-626867701B16}.Debug|Any CPU.ActiveCfg = Debug|Any CPU
		{620A819D-3B90-46C8-AC23-626867701B16}.Debug|Any CPU.Build.0 = Debug|Any CPU
		{620A819D-3B90-46C8-AC23-626867701B16}.Release|Any CPU.ActiveCfg = Release|Any CPU
		{620A819D-3B90-46C8-AC23-626867701B16}.Release|Any CPU.Build.0 = Release|Any CPU
	EndGlobalSection
	GlobalSection(SolutionProperties) = preSolution
		HideSolutionNode = FALSE
	EndGlobalSection
	GlobalSection(ExtensibilityGlobals) = postSolution
		SolutionGuid = {144E2689-4F13-4F79-9A7C-9DDCF553F2EE}
	EndGlobalSection
EndGlobal
